
Microsoft Visual Studio Solution File, Format Version 12.00
# Visual Studio Version 17
VisualStudioVersion = 17.2.32630.192
MinimumVisualStudioVersion = 10.0.40219.1
Project("{FAE04EC0-301F-11D3-BF4B-00C04F79EFBC}") = "Battleship", "Battleship\Battleship.csproj", "{76C9DD05-C2E9-4111-A3CD-EBA0C295AAF8}"
EndProject
Project("{FAE04EC0-301F-11D3-BF4B-00C04F79EFBC}") = "Battleship.Tests", "Battleship.Tests\Battleship.Tests.csproj", "{5E8BCEDA-C405-4FE9-96CD-CA045824A7EF}"
EndProject
Global
	GlobalSection(SolutionConfigurationPlatforms) = preSolution
		Debug|Any CPU = Debug|Any CPU
		Release|Any CPU = Release|Any CPU
	EndGlobalSection
	GlobalSection(ProjectConfigurationPlatforms) = postSolution
		{76C9DD05-C2E9-4111-A3CD-EBA0C295AAF8}.Debug|Any CPU.ActiveCfg = Debug|Any CPU
		{76C9DD05-C2E9-4111-A3CD-EBA0C295AAF8}.Debug|Any CPU.Build.0 = Debug|Any CPU
		{76C9DD05-C2E9-4111-A3CD-EBA0C295AAF8}.Release|Any CPU.ActiveCfg = Release|Any CPU
		{76C9DD05-C2E9-4111-A3CD-EBA0C295AAF8}.Release|Any CPU.Build.0 = Release|Any CPU
		{5E8BCEDA-C405-4FE9-96CD-CA045824A7EF}.Debug|Any CPU.ActiveCfg = Debug|Any CPU
		{5E8BCEDA-C405-4FE9-96CD-CA045824A7EF}.Debug|Any CPU.Build.0 = Debug|Any CPU
		{5E8BCEDA-C405-4FE9-96CD-CA045824A7EF}.Release|Any CPU.ActiveCfg = Release|Any CPU
		{5E8BCEDA-C405-4FE9-96CD-CA045824A7EF}.Release|Any CPU.Build.0 = Release|Any CPU
	EndGlobalSection
	GlobalSection(SolutionProperties) = preSolution
		HideSolutionNode = FALSE
	EndGlobalSection
	GlobalSection(ExtensibilityGlobals) = postSolution
		SolutionGuid = {035F7383-6F26-4CC4-BAD4-03DE6DE7A34A}
	EndGlobalSection
EndGlobal
